
Microsoft Visual Studio Solution File, Format Version 12.00
# Visual Studio Version 17
VisualStudioVersion = 17.9.34728.123
MinimumVisualStudioVersion = 10.0.40219.1
Project("{9A19103F-16F7-4668-BE54-9A1E7A4F7556}") = "LogitechBatteryIndicator", "LogitechBatteryIndicator.csproj", "{42382002-1DFE-42EB-8A35-30A3FC5FD4CD}"
EndProject
Global
	GlobalSection(SolutionConfigurationPlatforms) = preSolution
		Debug|Any CPU = Debug|Any CPU
		Debug|x64 = Debug|x64
		Release|Any CPU = Release|Any CPU
		Release|x64 = Release|x64
	EndGlobalSection
	GlobalSection(ProjectConfigurationPlatforms) = postSolution
		{42382002-1DFE-42EB-8A35-30A3FC5FD4CD}.Debug|Any CPU.ActiveCfg = Debug|Any CPU
		{42382002-1DFE-42EB-8A35-30A3FC5FD4CD}.Debug|Any CPU.Build.0 = Debug|Any CPU
		{42382002-1DFE-42EB-8A35-30A3FC5FD4CD}.Debug|x64.ActiveCfg = Debug|x64
		{42382002-1DFE-42EB-8A35-30A3FC5FD4CD}.Debug|x64.Build.0 = Debug|x64
		{42382002-1DFE-42EB-8A35-30A3FC5FD4CD}.Release|Any CPU.ActiveCfg = Release|Any CPU
		{42382002-1DFE-42EB-8A35-30A3FC5FD4CD}.Release|Any CPU.Build.0 = Release|Any CPU
		{42382002-1DFE-42EB-8A35-30A3FC5FD4CD}.Release|x64.ActiveCfg = Release|x64
		{42382002-1DFE-42EB-8A35-30A3FC5FD4CD}.Release|x64.Build.0 = Release|x64
	EndGlobalSection
	GlobalSection(SolutionProperties) = preSolution
		HideSolutionNode = FALSE
	EndGlobalSection
	GlobalSection(ExtensibilityGlobals) = postSolution
		SolutionGuid = {6A249F47-5B19-4496-A452-63532E64E338}
	EndGlobalSection
EndGlobal
